
Microsoft Visual Studio Solution File, Format Version 12.00
# Visual Studio Version 16
VisualStudioVersion = 16.0.29709.97
MinimumVisualStudioVersion = 10.0.40219.1
Project("{FAE04EC0-301F-11D3-BF4B-00C04F79EFBC}") = "PersonaEditorCMD", "PersonaEditorCMD\PersonaEditorCMD.csproj", "{77BD32F6-F52E-4A72-A919-B96255A4D23E}"
EndProject
Project("{FAE04EC0-301F-11D3-BF4B-00C04F79EFBC}") = "PersonaEditor", "PersonaEditor\PersonaEditor.csproj", "{8115435E-B5D3-489C-B066-145BCFA1F933}"
EndProject
Project("{9A19103F-16F7-4668-BE54-9A1E7A4F7556}") = "PersonaEditorLib", "PersonaEditorLib\PersonaEditorLib.csproj", "{D437D1FD-1D68-499F-BCED-3B17A4316A76}"
EndProject
Project("{9A19103F-16F7-4668-BE54-9A1E7A4F7556}") = "AuxiliaryLibraries", "AuxiliaryLibraries\AuxiliaryLibraries.csproj", "{4ACC1A56-2D6B-4F7D-A669-B0C27A801B56}"
EndProject
Project("{FAE04EC0-301F-11D3-BF4B-00C04F79EFBC}") = "AuxiliaryLibraries.WPF", "AuxiliaryLibraries.WPF\AuxiliaryLibraries.WPF.csproj", "{B9670B59-0192-49E7-84C7-B7776E7339E8}"
EndProject
Project("{FAE04EC0-301F-11D3-BF4B-00C04F79EFBC}") = "AuxiliaryLibraries.WPF.Wrapper", "AuxiliaryLibraries.WPF.Wrapper\AuxiliaryLibraries.WPF.Wrapper.csproj", "{0A70017F-E0FA-4266-87DC-7337BA58A234}"
EndProject
Global
	GlobalSection(SolutionConfigurationPlatforms) = preSolution
		Debug|x64 = Debug|x64
		Debug|x86 = Debug|x86
		Release|x64 = Release|x64
		Release|x86 = Release|x86
	EndGlobalSection
	GlobalSection(ProjectConfigurationPlatforms) = postSolution
		{77BD32F6-F52E-4A72-A919-B96255A4D23E}.Debug|x64.ActiveCfg = Debug|x64
		{77BD32F6-F52E-4A72-A919-B96255A4D23E}.Debug|x64.Build.0 = Debug|x64
		{77BD32F6-F52E-4A72-A919-B96255A4D23E}.Debug|x86.ActiveCfg = Debug|x86
		{77BD32F6-F52E-4A72-A919-B96255A4D23E}.Debug|x86.Build.0 = Debug|x86
		{77BD32F6-F52E-4A72-A919-B96255A4D23E}.Release|x64.ActiveCfg = Release|x64
		{77BD32F6-F52E-4A72-A919-B96255A4D23E}.Release|x64.Build.0 = Release|x64
		{77BD32F6-F52E-4A72-A919-B96255A4D23E}.Release|x86.ActiveCfg = Release|x86
		{77BD32F6-F52E-4A72-A919-B96255A4D23E}.Release|x86.Build.0 = Release|x86
		{8115435E-B5D3-489C-B066-145BCFA1F933}.Debug|x64.ActiveCfg = Debug|x64
		{8115435E-B5D3-489C-B066-145BCFA1F933}.Debug|x64.Build.0 = Debug|x64
		{8115435E-B5D3-489C-B066-145BCFA1F933}.Debug|x86.ActiveCfg = Debug|x86
		{8115435E-B5D3-489C-B066-145BCFA1F933}.Debug|x86.Build.0 = Debug|x86
		{8115435E-B5D3-489C-B066-145BCFA1F933}.Release|x64.ActiveCfg = Release|x64
		{8115435E-B5D3-489C-B066-145BCFA1F933}.Release|x64.Build.0 = Release|x64
		{8115435E-B5D3-489C-B066-145BCFA1F933}.Release|x86.ActiveCfg = Release|x86
		{8115435E-B5D3-489C-B066-145BCFA1F933}.Release|x86.Build.0 = Release|x86
		{D437D1FD-1D68-499F-BCED-3B17A4316A76}.Debug|x64.ActiveCfg = Debug|x64
		{D437D1FD-1D68-499F-BCED-3B17A4316A76}.Debug|x64.Build.0 = Debug|x64
		{D437D1FD-1D68-499F-BCED-3B17A4316A76}.Debug|x86.ActiveCfg = Debug|x86
		{D437D1FD-1D68-499F-BCED-3B17A4316A76}.Debug|x86.Build.0 = Debug|x86
		{D437D1FD-1D68-499F-BCED-3B17A4316A76}.Release|x64.ActiveCfg = Release|x64
		{D437D1FD-1D68-499F-BCED-3B17A4316A76}.Release|x64.Build.0 = Release|x64
		{D437D1FD-1D68-499F-BCED-3B17A4316A76}.Release|x86.ActiveCfg = Release|x86
		{D437D1FD-1D68-499F-BCED-3B17A4316A76}.Release|x86.Build.0 = Release|x86
		{4ACC1A56-2D6B-4F7D-A669-B0C27A801B56}.Debug|x64.ActiveCfg = Debug|x64
		{4ACC1A56-2D6B-4F7D-A669-B0C27A801B56}.Debug|x64.Build.0 = Debug|x64
		{4ACC1A56-2D6B-4F7D-A669-B0C27A801B56}.Debug|x86.ActiveCfg = Debug|x86
		{4ACC1A56-2D6B-4F7D-A669-B0C27A801B56}.Debug|x86.Build.0 = Debug|x86
		{4ACC1A56-2D6B-4F7D-A669-B0C27A801B56}.Release|x64.ActiveCfg = Release|x64
		{4ACC1A56-2D6B-4F7D-A669-B0C27A801B56}.Release|x64.Build.0 = Release|x64
		{4ACC1A56-2D6B-4F7D-A669-B0C27A801B56}.Release|x86.ActiveCfg = Release|x86
		{4ACC1A56-2D6B-4F7D-A669-B0C27A801B56}.Release|x86.Build.0 = Release|x86
		{B9670B59-0192-49E7-84C7-B7776E7339E8}.Debug|x64.ActiveCfg = Debug|x64
		{B9670B59-0192-49E7-84C7-B7776E7339E8}.Debug|x64.Build.0 = Debug|x64
		{B9670B59-0192-49E7-84C7-B7776E7339E8}.Debug|x86.ActiveCfg = Debug|x86
		{B9670B59-0192-49E7-84C7-B7776E7339E8}.Debug|x86.Build.0 = Debug|x86
		{B9670B59-0192-49E7-84C7-B7776E7339E8}.Release|x64.ActiveCfg = Release|x64
		{B9670B59-0192-49E7-84C7-B7776E7339E8}.Release|x64.Build.0 = Release|x64
		{B9670B59-0192-49E7-84C7-B7776E7339E8}.Release|x86.ActiveCfg = Release|x86
		{B9670B59-0192-49E7-84C7-B7776E7339E8}.Release|x86.Build.0 = Release|x86
		{0A70017F-E0FA-4266-87DC-7337BA58A234}.Debug|x64.ActiveCfg = Debug|x64
		{0A70017F-E0FA-4266-87DC-7337BA58A234}.Debug|x64.Build.0 = Debug|x64
		{0A70017F-E0FA-4266-87DC-7337BA58A234}.Debug|x86.ActiveCfg = Debug|x86
		{0A70017F-E0FA-4266-87DC-7337BA58A234}.Debug|x86.Build.0 = Debug|x86
		{0A70017F-E0FA-4266-87DC-7337BA58A234}.Release|x64.ActiveCfg = Release|x64
		{0A70017F-E0FA-4266-87DC-7337BA58A234}.Release|x64.Build.0 = Release|x64
		{0A70017F-E0FA-4266-87DC-7337BA58A234}.Release|x86.ActiveCfg = Release|x86
		{0A70017F-E0FA-4266-87DC-7337BA58A234}.Release|x86.Build.0 = Release|x86
	EndGlobalSection
	GlobalSection(SolutionProperties) = preSolution
		HideSolutionNode = FALSE
	EndGlobalSection
	GlobalSection(ExtensibilityGlobals) = postSolution
		SolutionGuid = {13715E4C-74CE-4312-BAB9-B4358081D36E}
	EndGlobalSection
EndGlobal
