
Microsoft Visual Studio Solution File, Format Version 12.00
# Visual Studio 15
VisualStudioVersion = 15.0.27130.2026
MinimumVisualStudioVersion = 10.0.40219.1
Project("{FAE04EC0-301F-11D3-BF4B-00C04F79EFBC}") = "PersonaEditorCMD", "PersonaEditorCMD\PersonaEditorCMD.csproj", "{77BD32F6-F52E-4A72-A919-B96255A4D23E}"
EndProject
Project("{FAE04EC0-301F-11D3-BF4B-00C04F79EFBC}") = "PersonaEditor", "PersonaEditor\PersonaEditor.csproj", "{8115435E-B5D3-489C-B066-145BCFA1F933}"
EndProject
Project("{9A19103F-16F7-4668-BE54-9A1E7A4F7556}") = "PersonaEditorLib", "PersonaEditorLib\PersonaEditorLib.csproj", "{D437D1FD-1D68-499F-BCED-3B17A4316A76}"
EndProject
Global
	GlobalSection(SolutionConfigurationPlatforms) = preSolution
		Debug|x86 = Debug|x86
		Release|x86 = Release|x86
	EndGlobalSection
	GlobalSection(ProjectConfigurationPlatforms) = postSolution
		{77BD32F6-F52E-4A72-A919-B96255A4D23E}.Debug|x86.ActiveCfg = Debug|x86
		{77BD32F6-F52E-4A72-A919-B96255A4D23E}.Debug|x86.Build.0 = Debug|x86
		{77BD32F6-F52E-4A72-A919-B96255A4D23E}.Release|x86.ActiveCfg = Release|x86
		{77BD32F6-F52E-4A72-A919-B96255A4D23E}.Release|x86.Build.0 = Release|x86
		{8115435E-B5D3-489C-B066-145BCFA1F933}.Debug|x86.ActiveCfg = Debug|x86
		{8115435E-B5D3-489C-B066-145BCFA1F933}.Debug|x86.Build.0 = Debug|x86
		{8115435E-B5D3-489C-B066-145BCFA1F933}.Release|x86.ActiveCfg = Release|x86
		{8115435E-B5D3-489C-B066-145BCFA1F933}.Release|x86.Build.0 = Release|x86
		{D437D1FD-1D68-499F-BCED-3B17A4316A76}.Debug|x86.ActiveCfg = Debug|x86
		{D437D1FD-1D68-499F-BCED-3B17A4316A76}.Debug|x86.Build.0 = Debug|x86
		{D437D1FD-1D68-499F-BCED-3B17A4316A76}.Release|x86.ActiveCfg = Release|x86
		{D437D1FD-1D68-499F-BCED-3B17A4316A76}.Release|x86.Build.0 = Release|x86
	EndGlobalSection
	GlobalSection(SolutionProperties) = preSolution
		HideSolutionNode = FALSE
	EndGlobalSection
	GlobalSection(ExtensibilityGlobals) = postSolution
		SolutionGuid = {13715E4C-74CE-4312-BAB9-B4358081D36E}
	EndGlobalSection
EndGlobal
